
Microsoft Visual Studio Solution File, Format Version 12.00
# Visual Studio 15
VisualStudioVersion = 15.0.28010.2016
MinimumVisualStudioVersion = 10.0.40219.1
Project("{8BC9CEB8-8B4A-11D0-8D11-00A0C91BC942}") = "Ch06_SimpleClient", "Ch06_SimpleClient\Ch06_SimpleClient.vcxproj", "{9F556C0F-DC2C-41E3-B722-4934028A5E3E}"
EndProject
Project("{8BC9CEB8-8B4A-11D0-8D11-00A0C91BC942}") = "Ch07_ContractReader", "Ch07_ContractReader\Ch07_ContractReader.vcxproj", "{2F6BBD04-600C-4959-816B-80DE54E1F1B3}"
EndProject
Project("{8BC9CEB8-8B4A-11D0-8D11-00A0C91BC942}") = "Ch07_SubmitOrder", "Ch07_SubmitOrder\Ch07_SubmitOrder.vcxproj", "{8BE77265-8BED-4906-A246-192F44889890}"
EndProject
Project("{8BC9CEB8-8B4A-11D0-8D11-00A0C91BC942}") = "Ch08_MarketReader", "Ch08_MarketReader\Ch08_MarketReader.vcxproj", "{7137F736-9F85-4C6C-AE47-A2C943462F6E}"
EndProject
Project("{8BC9CEB8-8B4A-11D0-8D11-00A0C91BC942}") = "Ch11_AccDist", "Ch11_AccDist\Ch11_AccDist.vcxproj", "{0238CC84-E2C6-4717-965B-58EF32F059A7}"
EndProject
Project("{8BC9CEB8-8B4A-11D0-8D11-00A0C91BC942}") = "Ch11_MovingAverage", "Ch11_MovingAverage\Ch11_MovingAverage.vcxproj", "{FAD715BD-FE2A-49F0-A2CC-A72D91EDDBBE}"
EndProject
Project("{8BC9CEB8-8B4A-11D0-8D11-00A0C91BC942}") = "Ch11_AverageTrueRange", "Ch11_AverageTrueRange\Ch11_AverageTrueRange.vcxproj", "{4F75005B-6FC5-4268-A7A8-65462A645EEC}"
EndProject
Project("{8BC9CEB8-8B4A-11D0-8D11-00A0C91BC942}") = "Ch11_Macd", "Ch11_Macd\Ch11_Macd.vcxproj", "{2BAD0284-11CE-4B8D-8038-EC26B54C1785}"
EndProject
Project("{8BC9CEB8-8B4A-11D0-8D11-00A0C91BC942}") = "Ch11_Bollinger", "Ch11_Bollinger\Ch11_Bollinger.vcxproj", "{4460186B-DAB4-4C05-99D1-BBE64D145739}"
EndProject
Project("{8BC9CEB8-8B4A-11D0-8D11-00A0C91BC942}") = "Ch11_OnBalanceVolume", "Ch11_OnBalanceVolume\Ch11_OnBalanceVolume.vcxproj", "{4892A26A-6CA9-4A18-9F6E-970F3E67AE3A}"
EndProject
Project("{8BC9CEB8-8B4A-11D0-8D11-00A0C91BC942}") = "Ch12_ChainReader", "Ch12_ChainReader\Ch12_ChainReader.vcxproj", "{802D938F-DCCF-4072-9D1B-7FF156A1558E}"
EndProject
Project("{8BC9CEB8-8B4A-11D0-8D11-00A0C91BC942}") = "Ch11_TrueStrength", "Ch11_TrueStrength\Ch11_TrueStrength.vcxproj", "{85850D2E-F0EF-4B9C-9EB8-00EFAA639131}"
EndProject
Project("{8BC9CEB8-8B4A-11D0-8D11-00A0C91BC942}") = "Ch11_RelativeStrength", "Ch11_RelativeStrength\Ch11_RelativeStrength.vcxproj", "{8CBAD50C-564D-4C72-8CC2-2C38AAB82140}"
EndProject
Project("{8BC9CEB8-8B4A-11D0-8D11-00A0C91BC942}") = "Ch13_ReadFutures", "Ch13_ReadFutures\Ch13_ReadFutures.vcxproj", "{C2EF079F-F4F7-4F5B-8787-AD7339842108}"
EndProject
Project("{8BC9CEB8-8B4A-11D0-8D11-00A0C91BC942}") = "Ch13_TurtleTrading", "Ch13_TurtleTrading\Ch13_TurtleTrading.vcxproj", "{8B483BB1-A298-4799-A824-2DFAE80D3CA0}"
EndProject
Project("{8BC9CEB8-8B4A-11D0-8D11-00A0C91BC942}") = "Ch13_BollingerMFI", "Ch13_BollingerMFI\Ch13_BollingerMFI.vcxproj", "{35E7419F-5FA9-4C24-9679-6E96D0838612}"
EndProject
Project("{8BC9CEB8-8B4A-11D0-8D11-00A0C91BC942}") = "Ch12_BestSpread", "Ch12_BestSpread\Ch12_BestSpread.vcxproj", "{C24D3878-63B8-4409-9C4D-F5A2452DA4F6}"
EndProject
Project("{8BC9CEB8-8B4A-11D0-8D11-00A0C91BC942}") = "Ch09_StockScanner", "Ch09_StockScanner\Ch09_StockScanner.vcxproj", "{E3EEC761-5284-488E-92CA-AE70E14DC3EA}"
EndProject
Project("{8BC9CEB8-8B4A-11D0-8D11-00A0C91BC942}") = "Ch10_AdvOrder", "Ch10_AdvOrder\Ch10_AdvOrder.vcxproj", "{E8CFBB23-6A47-467B-9B31-B70E32D928FF}"
EndProject
Project("{8BC9CEB8-8B4A-11D0-8D11-00A0C91BC942}") = "Ch12_BestNeutral", "Ch12_BestNeutral\Ch12_BestNeutral.vcxproj", "{6D0A997D-C484-4F86-A043-70E5F867DF58}"
EndProject
Project("{8BC9CEB8-8B4A-11D0-8D11-00A0C91BC942}") = "Ch14_SimpleAlgo", "Ch14_SimpleAlgo\Ch14_SimpleAlgo.vcxproj", "{7C3AAD84-82B3-4994-9647-3D433CC40C11}"
EndProject
Global
	GlobalSection(SolutionConfigurationPlatforms) = preSolution
		Debug|x64 = Debug|x64
		Debug|x86 = Debug|x86
		Release|x64 = Release|x64
		Release|x86 = Release|x86
	EndGlobalSection
	GlobalSection(ProjectConfigurationPlatforms) = postSolution
		{9F556C0F-DC2C-41E3-B722-4934028A5E3E}.Debug|x64.ActiveCfg = Debug|x64
		{9F556C0F-DC2C-41E3-B722-4934028A5E3E}.Debug|x64.Build.0 = Debug|x64
		{9F556C0F-DC2C-41E3-B722-4934028A5E3E}.Debug|x86.ActiveCfg = Debug|Win32
		{9F556C0F-DC2C-41E3-B722-4934028A5E3E}.Debug|x86.Build.0 = Debug|Win32
		{9F556C0F-DC2C-41E3-B722-4934028A5E3E}.Release|x64.ActiveCfg = Release|x64
		{9F556C0F-DC2C-41E3-B722-4934028A5E3E}.Release|x64.Build.0 = Release|x64
		{9F556C0F-DC2C-41E3-B722-4934028A5E3E}.Release|x86.ActiveCfg = Release|Win32
		{9F556C0F-DC2C-41E3-B722-4934028A5E3E}.Release|x86.Build.0 = Release|Win32
		{2F6BBD04-600C-4959-816B-80DE54E1F1B3}.Debug|x64.ActiveCfg = Debug|x64
		{2F6BBD04-600C-4959-816B-80DE54E1F1B3}.Debug|x64.Build.0 = Debug|x64
		{2F6BBD04-600C-4959-816B-80DE54E1F1B3}.Debug|x86.ActiveCfg = Debug|Win32
		{2F6BBD04-600C-4959-816B-80DE54E1F1B3}.Debug|x86.Build.0 = Debug|Win32
		{2F6BBD04-600C-4959-816B-80DE54E1F1B3}.Release|x64.ActiveCfg = Release|x64
		{2F6BBD04-600C-4959-816B-80DE54E1F1B3}.Release|x64.Build.0 = Release|x64
		{2F6BBD04-600C-4959-816B-80DE54E1F1B3}.Release|x86.ActiveCfg = Release|Win32
		{2F6BBD04-600C-4959-816B-80DE54E1F1B3}.Release|x86.Build.0 = Release|Win32
		{8BE77265-8BED-4906-A246-192F44889890}.Debug|x64.ActiveCfg = Debug|x64
		{8BE77265-8BED-4906-A246-192F44889890}.Debug|x64.Build.0 = Debug|x64
		{8BE77265-8BED-4906-A246-192F44889890}.Debug|x86.ActiveCfg = Debug|Win32
		{8BE77265-8BED-4906-A246-192F44889890}.Debug|x86.Build.0 = Debug|Win32
		{8BE77265-8BED-4906-A246-192F44889890}.Release|x64.ActiveCfg = Release|x64
		{8BE77265-8BED-4906-A246-192F44889890}.Release|x64.Build.0 = Release|x64
		{8BE77265-8BED-4906-A246-192F44889890}.Release|x86.ActiveCfg = Release|Win32
		{8BE77265-8BED-4906-A246-192F44889890}.Release|x86.Build.0 = Release|Win32
		{7137F736-9F85-4C6C-AE47-A2C943462F6E}.Debug|x64.ActiveCfg = Debug|x64
		{7137F736-9F85-4C6C-AE47-A2C943462F6E}.Debug|x64.Build.0 = Debug|x64
		{7137F736-9F85-4C6C-AE47-A2C943462F6E}.Debug|x86.ActiveCfg = Debug|Win32
		{7137F736-9F85-4C6C-AE47-A2C943462F6E}.Debug|x86.Build.0 = Debug|Win32
		{7137F736-9F85-4C6C-AE47-A2C943462F6E}.Release|x64.ActiveCfg = Release|x64
		{7137F736-9F85-4C6C-AE47-A2C943462F6E}.Release|x64.Build.0 = Release|x64
		{7137F736-9F85-4C6C-AE47-A2C943462F6E}.Release|x86.ActiveCfg = Release|Win32
		{7137F736-9F85-4C6C-AE47-A2C943462F6E}.Release|x86.Build.0 = Release|Win32
		{0238CC84-E2C6-4717-965B-58EF32F059A7}.Debug|x64.ActiveCfg = Debug|x64
		{0238CC84-E2C6-4717-965B-58EF32F059A7}.Debug|x64.Build.0 = Debug|x64
		{0238CC84-E2C6-4717-965B-58EF32F059A7}.Debug|x86.ActiveCfg = Debug|Win32
		{0238CC84-E2C6-4717-965B-58EF32F059A7}.Debug|x86.Build.0 = Debug|Win32
		{0238CC84-E2C6-4717-965B-58EF32F059A7}.Release|x64.ActiveCfg = Release|x64
		{0238CC84-E2C6-4717-965B-58EF32F059A7}.Release|x64.Build.0 = Release|x64
		{0238CC84-E2C6-4717-965B-58EF32F059A7}.Release|x86.ActiveCfg = Release|Win32
		{0238CC84-E2C6-4717-965B-58EF32F059A7}.Release|x86.Build.0 = Release|Win32
		{FAD715BD-FE2A-49F0-A2CC-A72D91EDDBBE}.Debug|x64.ActiveCfg = Debug|x64
		{FAD715BD-FE2A-49F0-A2CC-A72D91EDDBBE}.Debug|x64.Build.0 = Debug|x64
		{FAD715BD-FE2A-49F0-A2CC-A72D91EDDBBE}.Debug|x86.ActiveCfg = Debug|Win32
		{FAD715BD-FE2A-49F0-A2CC-A72D91EDDBBE}.Debug|x86.Build.0 = Debug|Win32
		{FAD715BD-FE2A-49F0-A2CC-A72D91EDDBBE}.Release|x64.ActiveCfg = Release|x64
		{FAD715BD-FE2A-49F0-A2CC-A72D91EDDBBE}.Release|x64.Build.0 = Release|x64
		{FAD715BD-FE2A-49F0-A2CC-A72D91EDDBBE}.Release|x86.ActiveCfg = Release|Win32
		{FAD715BD-FE2A-49F0-A2CC-A72D91EDDBBE}.Release|x86.Build.0 = Release|Win32
		{4F75005B-6FC5-4268-A7A8-65462A645EEC}.Debug|x64.ActiveCfg = Debug|x64
		{4F75005B-6FC5-4268-A7A8-65462A645EEC}.Debug|x64.Build.0 = Debug|x64
		{4F75005B-6FC5-4268-A7A8-65462A645EEC}.Debug|x86.ActiveCfg = Debug|Win32
		{4F75005B-6FC5-4268-A7A8-65462A645EEC}.Debug|x86.Build.0 = Debug|Win32
		{4F75005B-6FC5-4268-A7A8-65462A645EEC}.Release|x64.ActiveCfg = Release|x64
		{4F75005B-6FC5-4268-A7A8-65462A645EEC}.Release|x64.Build.0 = Release|x64
		{4F75005B-6FC5-4268-A7A8-65462A645EEC}.Release|x86.ActiveCfg = Release|Win32
		{4F75005B-6FC5-4268-A7A8-65462A645EEC}.Release|x86.Build.0 = Release|Win32
		{2BAD0284-11CE-4B8D-8038-EC26B54C1785}.Debug|x64.ActiveCfg = Debug|x64
		{2BAD0284-11CE-4B8D-8038-EC26B54C1785}.Debug|x64.Build.0 = Debug|x64
		{2BAD0284-11CE-4B8D-8038-EC26B54C1785}.Debug|x86.ActiveCfg = Debug|Win32
		{2BAD0284-11CE-4B8D-8038-EC26B54C1785}.Debug|x86.Build.0 = Debug|Win32
		{2BAD0284-11CE-4B8D-8038-EC26B54C1785}.Release|x64.ActiveCfg = Release|x64
		{2BAD0284-11CE-4B8D-8038-EC26B54C1785}.Release|x64.Build.0 = Release|x64
		{2BAD0284-11CE-4B8D-8038-EC26B54C1785}.Release|x86.ActiveCfg = Release|Win32
		{2BAD0284-11CE-4B8D-8038-EC26B54C1785}.Release|x86.Build.0 = Release|Win32
		{4460186B-DAB4-4C05-99D1-BBE64D145739}.Debug|x64.ActiveCfg = Debug|x64
		{4460186B-DAB4-4C05-99D1-BBE64D145739}.Debug|x64.Build.0 = Debug|x64
		{4460186B-DAB4-4C05-99D1-BBE64D145739}.Debug|x86.ActiveCfg = Debug|Win32
		{4460186B-DAB4-4C05-99D1-BBE64D145739}.Debug|x86.Build.0 = Debug|Win32
		{4460186B-DAB4-4C05-99D1-BBE64D145739}.Release|x64.ActiveCfg = Release|x64
		{4460186B-DAB4-4C05-99D1-BBE64D145739}.Release|x64.Build.0 = Release|x64
		{4460186B-DAB4-4C05-99D1-BBE64D145739}.Release|x86.ActiveCfg = Release|Win32
		{4460186B-DAB4-4C05-99D1-BBE64D145739}.Release|x86.Build.0 = Release|Win32
		{4892A26A-6CA9-4A18-9F6E-970F3E67AE3A}.Debug|x64.ActiveCfg = Debug|x64
		{4892A26A-6CA9-4A18-9F6E-970F3E67AE3A}.Debug|x64.Build.0 = Debug|x64
		{4892A26A-6CA9-4A18-9F6E-970F3E67AE3A}.Debug|x86.ActiveCfg = Debug|Win32
		{4892A26A-6CA9-4A18-9F6E-970F3E67AE3A}.Debug|x86.Build.0 = Debug|Win32
		{4892A26A-6CA9-4A18-9F6E-970F3E67AE3A}.Release|x64.ActiveCfg = Release|x64
		{4892A26A-6CA9-4A18-9F6E-970F3E67AE3A}.Release|x64.Build.0 = Release|x64
		{4892A26A-6CA9-4A18-9F6E-970F3E67AE3A}.Release|x86.ActiveCfg = Release|Win32
		{4892A26A-6CA9-4A18-9F6E-970F3E67AE3A}.Release|x86.Build.0 = Release|Win32
		{802D938F-DCCF-4072-9D1B-7FF156A1558E}.Debug|x64.ActiveCfg = Debug|x64
		{802D938F-DCCF-4072-9D1B-7FF156A1558E}.Debug|x64.Build.0 = Debug|x64
		{802D938F-DCCF-4072-9D1B-7FF156A1558E}.Debug|x86.ActiveCfg = Debug|Win32
		{802D938F-DCCF-4072-9D1B-7FF156A1558E}.Debug|x86.Build.0 = Debug|Win32
		{802D938F-DCCF-4072-9D1B-7FF156A1558E}.Release|x64.ActiveCfg = Release|x64
		{802D938F-DCCF-4072-9D1B-7FF156A1558E}.Release|x64.Build.0 = Release|x64
		{802D938F-DCCF-4072-9D1B-7FF156A1558E}.Release|x86.ActiveCfg = Release|Win32
		{802D938F-DCCF-4072-9D1B-7FF156A1558E}.Release|x86.Build.0 = Release|Win32
		{85850D2E-F0EF-4B9C-9EB8-00EFAA639131}.Debug|x64.ActiveCfg = Debug|x64
		{85850D2E-F0EF-4B9C-9EB8-00EFAA639131}.Debug|x64.Build.0 = Debug|x64
		{85850D2E-F0EF-4B9C-9EB8-00EFAA639131}.Debug|x86.ActiveCfg = Debug|Win32
		{85850D2E-F0EF-4B9C-9EB8-00EFAA639131}.Debug|x86.Build.0 = Debug|Win32
		{85850D2E-F0EF-4B9C-9EB8-00EFAA639131}.Release|x64.ActiveCfg = Release|x64
		{85850D2E-F0EF-4B9C-9EB8-00EFAA639131}.Release|x64.Build.0 = Release|x64
		{85850D2E-F0EF-4B9C-9EB8-00EFAA639131}.Release|x86.ActiveCfg = Release|Win32
		{85850D2E-F0EF-4B9C-9EB8-00EFAA639131}.Release|x86.Build.0 = Release|Win32
		{8CBAD50C-564D-4C72-8CC2-2C38AAB82140}.Debug|x64.ActiveCfg = Debug|x64
		{8CBAD50C-564D-4C72-8CC2-2C38AAB82140}.Debug|x64.Build.0 = Debug|x64
		{8CBAD50C-564D-4C72-8CC2-2C38AAB82140}.Debug|x86.ActiveCfg = Debug|Win32
		{8CBAD50C-564D-4C72-8CC2-2C38AAB82140}.Debug|x86.Build.0 = Debug|Win32
		{8CBAD50C-564D-4C72-8CC2-2C38AAB82140}.Release|x64.ActiveCfg = Release|x64
		{8CBAD50C-564D-4C72-8CC2-2C38AAB82140}.Release|x64.Build.0 = Release|x64
		{8CBAD50C-564D-4C72-8CC2-2C38AAB82140}.Release|x86.ActiveCfg = Release|Win32
		{8CBAD50C-564D-4C72-8CC2-2C38AAB82140}.Release|x86.Build.0 = Release|Win32
		{C2EF079F-F4F7-4F5B-8787-AD7339842108}.Debug|x64.ActiveCfg = Debug|x64
		{C2EF079F-F4F7-4F5B-8787-AD7339842108}.Debug|x64.Build.0 = Debug|x64
		{C2EF079F-F4F7-4F5B-8787-AD7339842108}.Debug|x86.ActiveCfg = Debug|Win32
		{C2EF079F-F4F7-4F5B-8787-AD7339842108}.Debug|x86.Build.0 = Debug|Win32
		{C2EF079F-F4F7-4F5B-8787-AD7339842108}.Release|x64.ActiveCfg = Release|x64
		{C2EF079F-F4F7-4F5B-8787-AD7339842108}.Release|x64.Build.0 = Release|x64
		{C2EF079F-F4F7-4F5B-8787-AD7339842108}.Release|x86.ActiveCfg = Release|Win32
		{C2EF079F-F4F7-4F5B-8787-AD7339842108}.Release|x86.Build.0 = Release|Win32
		{8B483BB1-A298-4799-A824-2DFAE80D3CA0}.Debug|x64.ActiveCfg = Debug|x64
		{8B483BB1-A298-4799-A824-2DFAE80D3CA0}.Debug|x64.Build.0 = Debug|x64
		{8B483BB1-A298-4799-A824-2DFAE80D3CA0}.Debug|x86.ActiveCfg = Debug|Win32
		{8B483BB1-A298-4799-A824-2DFAE80D3CA0}.Debug|x86.Build.0 = Debug|Win32
		{8B483BB1-A298-4799-A824-2DFAE80D3CA0}.Release|x64.ActiveCfg = Release|x64
		{8B483BB1-A298-4799-A824-2DFAE80D3CA0}.Release|x64.Build.0 = Release|x64
		{8B483BB1-A298-4799-A824-2DFAE80D3CA0}.Release|x86.ActiveCfg = Release|Win32
		{8B483BB1-A298-4799-A824-2DFAE80D3CA0}.Release|x86.Build.0 = Release|Win32
		{35E7419F-5FA9-4C24-9679-6E96D0838612}.Debug|x64.ActiveCfg = Debug|x64
		{35E7419F-5FA9-4C24-9679-6E96D0838612}.Debug|x64.Build.0 = Debug|x64
		{35E7419F-5FA9-4C24-9679-6E96D0838612}.Debug|x86.ActiveCfg = Debug|Win32
		{35E7419F-5FA9-4C24-9679-6E96D0838612}.Debug|x86.Build.0 = Debug|Win32
		{35E7419F-5FA9-4C24-9679-6E96D0838612}.Release|x64.ActiveCfg = Release|x64
		{35E7419F-5FA9-4C24-9679-6E96D0838612}.Release|x64.Build.0 = Release|x64
		{35E7419F-5FA9-4C24-9679-6E96D0838612}.Release|x86.ActiveCfg = Release|Win32
		{35E7419F-5FA9-4C24-9679-6E96D0838612}.Release|x86.Build.0 = Release|Win32
		{C24D3878-63B8-4409-9C4D-F5A2452DA4F6}.Debug|x64.ActiveCfg = Debug|x64
		{C24D3878-63B8-4409-9C4D-F5A2452DA4F6}.Debug|x64.Build.0 = Debug|x64
		{C24D3878-63B8-4409-9C4D-F5A2452DA4F6}.Debug|x86.ActiveCfg = Debug|Win32
		{C24D3878-63B8-4409-9C4D-F5A2452DA4F6}.Debug|x86.Build.0 = Debug|Win32
		{C24D3878-63B8-4409-9C4D-F5A2452DA4F6}.Release|x64.ActiveCfg = Release|x64
		{C24D3878-63B8-4409-9C4D-F5A2452DA4F6}.Release|x64.Build.0 = Release|x64
		{C24D3878-63B8-4409-9C4D-F5A2452DA4F6}.Release|x86.ActiveCfg = Release|Win32
		{C24D3878-63B8-4409-9C4D-F5A2452DA4F6}.Release|x86.Build.0 = Release|Win32
		{E3EEC761-5284-488E-92CA-AE70E14DC3EA}.Debug|x64.ActiveCfg = Debug|x64
		{E3EEC761-5284-488E-92CA-AE70E14DC3EA}.Debug|x64.Build.0 = Debug|x64
		{E3EEC761-5284-488E-92CA-AE70E14DC3EA}.Debug|x86.ActiveCfg = Debug|Win32
		{E3EEC761-5284-488E-92CA-AE70E14DC3EA}.Debug|x86.Build.0 = Debug|Win32
		{E3EEC761-5284-488E-92CA-AE70E14DC3EA}.Release|x64.ActiveCfg = Release|x64
		{E3EEC761-5284-488E-92CA-AE70E14DC3EA}.Release|x64.Build.0 = Release|x64
		{E3EEC761-5284-488E-92CA-AE70E14DC3EA}.Release|x86.ActiveCfg = Release|Win32
		{E3EEC761-5284-488E-92CA-AE70E14DC3EA}.Release|x86.Build.0 = Release|Win32
		{E8CFBB23-6A47-467B-9B31-B70E32D928FF}.Debug|x64.ActiveCfg = Debug|x64
		{E8CFBB23-6A47-467B-9B31-B70E32D928FF}.Debug|x64.Build.0 = Debug|x64
		{E8CFBB23-6A47-467B-9B31-B70E32D928FF}.Debug|x86.ActiveCfg = Debug|Win32
		{E8CFBB23-6A47-467B-9B31-B70E32D928FF}.Debug|x86.Build.0 = Debug|Win32
		{E8CFBB23-6A47-467B-9B31-B70E32D928FF}.Release|x64.ActiveCfg = Release|x64
		{E8CFBB23-6A47-467B-9B31-B70E32D928FF}.Release|x64.Build.0 = Release|x64
		{E8CFBB23-6A47-467B-9B31-B70E32D928FF}.Release|x86.ActiveCfg = Release|Win32
		{E8CFBB23-6A47-467B-9B31-B70E32D928FF}.Release|x86.Build.0 = Release|Win32
		{6D0A997D-C484-4F86-A043-70E5F867DF58}.Debug|x64.ActiveCfg = Debug|x64
		{6D0A997D-C484-4F86-A043-70E5F867DF58}.Debug|x64.Build.0 = Debug|x64
		{6D0A997D-C484-4F86-A043-70E5F867DF58}.Debug|x86.ActiveCfg = Debug|Win32
		{6D0A997D-C484-4F86-A043-70E5F867DF58}.Debug|x86.Build.0 = Debug|Win32
		{6D0A997D-C484-4F86-A043-70E5F867DF58}.Release|x64.ActiveCfg = Release|x64
		{6D0A997D-C484-4F86-A043-70E5F867DF58}.Release|x64.Build.0 = Release|x64
		{6D0A997D-C484-4F86-A043-70E5F867DF58}.Release|x86.ActiveCfg = Release|Win32
		{6D0A997D-C484-4F86-A043-70E5F867DF58}.Release|x86.Build.0 = Release|Win32
		{7C3AAD84-82B3-4994-9647-3D433CC40C11}.Debug|x64.ActiveCfg = Debug|x64
		{7C3AAD84-82B3-4994-9647-3D433CC40C11}.Debug|x64.Build.0 = Debug|x64
		{7C3AAD84-82B3-4994-9647-3D433CC40C11}.Debug|x86.ActiveCfg = Debug|Win32
		{7C3AAD84-82B3-4994-9647-3D433CC40C11}.Debug|x86.Build.0 = Debug|Win32
		{7C3AAD84-82B3-4994-9647-3D433CC40C11}.Release|x64.ActiveCfg = Release|x64
		{7C3AAD84-82B3-4994-9647-3D433CC40C11}.Release|x64.Build.0 = Release|x64
		{7C3AAD84-82B3-4994-9647-3D433CC40C11}.Release|x86.ActiveCfg = Release|Win32
		{7C3AAD84-82B3-4994-9647-3D433CC40C11}.Release|x86.Build.0 = Release|Win32
	EndGlobalSection
	GlobalSection(SolutionProperties) = preSolution
		HideSolutionNode = FALSE
	EndGlobalSection
	GlobalSection(ExtensibilityGlobals) = postSolution
		SolutionGuid = {413060EB-EAEA-48DC-BE65-8FBB217DA76E}
	EndGlobalSection
EndGlobal
